
Microsoft Visual Studio Solution File, Format Version 12.00
# Visual Studio Version 17
VisualStudioVersion = 17.8.34330.188
MinimumVisualStudioVersion = 10.0.40219.1
Project("{9A19103F-16F7-4668-BE54-9A1E7A4F7556}") = "BethanyPieShop.InventoryManagement", "BethanyPieShop.InventoryManagement\BethanyPieShop.InventoryManagement.csproj", "{866E297A-7C9F-49A0-BA16-EBDF19AF72B4}"
EndProject
Project("{FAE04EC0-301F-11D3-BF4B-00C04F79EFBC}") = "BethanysPieShop.InventoryManagement.Tests", "BethanysPieShop.InventoryManagement.Tests\BethanysPieShop.InventoryManagement.Tests.csproj", "{5D9C433D-B4D5-4CDA-A3E6-8C39EDB17699}"
EndProject
Global
	GlobalSection(SolutionConfigurationPlatforms) = preSolution
		Debug|Any CPU = Debug|Any CPU
		Release|Any CPU = Release|Any CPU
	EndGlobalSection
	GlobalSection(ProjectConfigurationPlatforms) = postSolution
		{866E297A-7C9F-49A0-BA16-EBDF19AF72B4}.Debug|Any CPU.ActiveCfg = Debug|Any CPU
		{866E297A-7C9F-49A0-BA16-EBDF19AF72B4}.Debug|Any CPU.Build.0 = Debug|Any CPU
		{866E297A-7C9F-49A0-BA16-EBDF19AF72B4}.Release|Any CPU.ActiveCfg = Release|Any CPU
		{866E297A-7C9F-49A0-BA16-EBDF19AF72B4}.Release|Any CPU.Build.0 = Release|Any CPU
		{5D9C433D-B4D5-4CDA-A3E6-8C39EDB17699}.Debug|Any CPU.ActiveCfg = Debug|Any CPU
		{5D9C433D-B4D5-4CDA-A3E6-8C39EDB17699}.Debug|Any CPU.Build.0 = Debug|Any CPU
		{5D9C433D-B4D5-4CDA-A3E6-8C39EDB17699}.Release|Any CPU.ActiveCfg = Release|Any CPU
		{5D9C433D-B4D5-4CDA-A3E6-8C39EDB17699}.Release|Any CPU.Build.0 = Release|Any CPU
	EndGlobalSection
	GlobalSection(SolutionProperties) = preSolution
		HideSolutionNode = FALSE
	EndGlobalSection
	GlobalSection(ExtensibilityGlobals) = postSolution
		SolutionGuid = {4F240ED5-1DA6-4665-82FD-B680F8A44E5E}
	EndGlobalSection
EndGlobal
